
Microsoft Visual Studio Solution File, Format Version 12.00
# Visual Studio 15
VisualStudioVersion = 15.0.28307.645
MinimumVisualStudioVersion = 10.0.40219.1
Project("{FAE04EC0-301F-11D3-BF4B-00C04F79EFBC}") = "WebApplication", "WebApplication\WebApplication.csproj", "{11F701EF-488D-4717-9778-FCA6BD55134E}"
EndProject
Global
	GlobalSection(SolutionConfigurationPlatforms) = preSolution
		Debug|Any CPU = Debug|Any CPU
		Release|Any CPU = Release|Any CPU
	EndGlobalSection
	GlobalSection(ProjectConfigurationPlatforms) = postSolution
		{11F701EF-488D-4717-9778-FCA6BD55134E}.Debug|Any CPU.ActiveCfg = Debug|Any CPU
		{11F701EF-488D-4717-9778-FCA6BD55134E}.Debug|Any CPU.Build.0 = Debug|Any CPU
		{11F701EF-488D-4717-9778-FCA6BD55134E}.Release|Any CPU.ActiveCfg = Release|Any CPU
		{11F701EF-488D-4717-9778-FCA6BD55134E}.Release|Any CPU.Build.0 = Release|Any CPU
	EndGlobalSection
	GlobalSection(SolutionProperties) = preSolution
		HideSolutionNode = FALSE
	EndGlobalSection
	GlobalSection(ExtensibilityGlobals) = postSolution
		SolutionGuid = {FF5B4405-23D1-430B-AE77-FE6D1B6040A9}
	EndGlobalSection
EndGlobal
